// !$*UTF8*$!
{
	archiveVersion = 1;
	classes = {
	};
	objectVersion = 46;
	objects = {

/* Begin PBXBuildFile section */
		48225E901CE0D682007F9CA0 /* AppDelegate.swift in Sources */ = {isa = PBXBuildFile; fileRef = 48225E8F1CE0D682007F9CA0 /* AppDelegate.swift */; };
		48225E921CE0D682007F9CA0 /* ViewController.swift in Sources */ = {isa = PBXBuildFile; fileRef = 48225E911CE0D682007F9CA0 /* ViewController.swift */; };
		48225E951CE0D682007F9CA0 /* Main.storyboard in Resources */ = {isa = PBXBuildFile; fileRef = 48225E931CE0D682007F9CA0 /* Main.storyboard */; };
		48225E971CE0D682007F9CA0 /* Assets.xcassets in Resources */ = {isa = PBXBuildFile; fileRef = 48225E961CE0D682007F9CA0 /* Assets.xcassets */; };
		48225E9A1CE0D682007F9CA0 /* LaunchScreen.storyboard in Resources */ = {isa = PBXBuildFile; fileRef = 48225E981CE0D682007F9CA0 /* LaunchScreen.storyboard */; };
		48225EA51CE0D682007F9CA0 /* is_my_number_primeTests.swift in Sources */ = {isa = PBXBuildFile; fileRef = 48225EA41CE0D682007F9CA0 /* is_my_number_primeTests.swift */; };
		48225EB01CE0D682007F9CA0 /* is_my_number_primeUITests.swift in Sources */ = {isa = PBXBuildFile; fileRef = 48225EAF1CE0D682007F9CA0 /* is_my_number_primeUITests.swift */; };
		48225EBE1CE0D6EB007F9CA0 /* wall.jpg in Resources */ = {isa = PBXBuildFile; fileRef = 48225EBD1CE0D6EB007F9CA0 /* wall.jpg */; };
		48225EC01CE0E1B0007F9CA0 /* prime.png in Resources */ = {isa = PBXBuildFile; fileRef = 48225EBF1CE0E1B0007F9CA0 /* prime.png */; };
/* End PBXBuildFile section */

/* Begin PBXContainerItemProxy section */
		48225EA11CE0D682007F9CA0 /* PBXContainerItemProxy */ = {
			isa = PBXContainerItemProxy;
			containerPortal = 48225E841CE0D681007F9CA0 /* Project object */;
			proxyType = 1;
			remoteGlobalIDString = 48225E8B1CE0D681007F9CA0;
			remoteInfo = "is my number prime";
		};
		48225EAC1CE0D682007F9CA0 /* PBXContainerItemProxy */ = {
			isa = PBXContainerItemProxy;
			containerPortal = 48225E841CE0D681007F9CA0 /* Project object */;
			proxyType = 1;
			remoteGlobalIDString = 48225E8B1CE0D681007F9CA0;
			remoteInfo = "is my number prime";
		};
/* End PBXContainerItemProxy section */

/* Begin PBXFileReference section */
		48225E8C1CE0D682007F9CA0 /* is my number prime.app */ = {isa = PBXFileReference; explicitFileType = wrapper.application; includeInIndex = 0; path = "is my number prime.app"; sourceTree = BUILT_PRODUCTS_DIR; };
		48225E8F1CE0D682007F9CA0 /* AppDelegate.swift */ = {isa = PBXFileReference; lastKnownFileType = sourcecode.swift; path = AppDelegate.swift; sourceTree = "<group>"; };
		48225E911CE0D682007F9CA0 /* ViewController.swift */ = {isa = PBXFileReference; lastKnownFileType = sourcecode.swift; path = ViewController.swift; sourceTree = "<group>"; };
		48225E941CE0D682007F9CA0 /* Base */ = {isa = PBXFileReference; lastKnownFileType = file.storyboard; name = Base; path = Base.lproj/Main.storyboard; sourceTree = "<group>"; };
		48225E961CE0D682007F9CA0 /* Assets.xcassets */ = {isa = PBXFileReference; lastKnownFileType = folder.assetcatalog; path = Assets.xcassets; sourceTree = "<group>"; };
		48225E991CE0D682007F9CA0 /* Base */ = {isa = PBXFileReference; lastKnownFileType = file.storyboard; name = Base; path = Base.lproj/LaunchScreen.storyboard; sourceTree = "<group>"; };
		48225E9B1CE0D682007F9CA0 /* Info.plist */ = {isa = PBXFileReference; lastKnownFileType = text.plist.xml; path = Info.plist; sourceTree = "<group>"; };
		48225EA01CE0D682007F9CA0 /* is my number primeTests.xctest */ = {isa = PBXFileReference; explicitFileType = wrapper.cfbundle; includeInIndex = 0; path = "is my number primeTests.xctest"; sourceTree = BUILT_PRODUCTS_DIR; };
		48225EA41CE0D682007F9CA0 /* is_my_number_primeTests.swift */ = {isa = PBXFileReference; lastKnownFileType = sourcecode.swift; path = is_my_number_primeTests.swift; sourceTree = "<group>"; };
		48225EA61CE0D682007F9CA0 /* Info.plist */ = {isa = PBXFileReference; lastKnownFileType = text.plist.xml; path = Info.plist; sourceTree = "<group>"; };
		48225EAB1CE0D682007F9CA0 /* is my number primeUITests.xctest */ = {isa = PBXFileReference; explicitFileType = wrapper.cfbundle; includeInIndex = 0; path = "is my number primeUITests.xctest"; sourceTree = BUILT_PRODUCTS_DIR; };
		48225EAF1CE0D682007F9CA0 /* is_my_number_primeUITests.swift */ = {isa = PBXFileReference; lastKnownFileType = sourcecode.swift; path = is_my_number_primeUITests.swift; sourceTree = "<group>"; };
		48225EB11CE0D682007F9CA0 /* Info.plist */ = {isa = PBXFileReference; lastKnownFileType = text.plist.xml; path = Info.plist; sourceTree = "<group>"; };
		48225EBD1CE0D6EB007F9CA0 /* wall.jpg */ = {isa = PBXFileReference; lastKnownFileType = image.jpeg; path = wall.jpg; sourceTree = "<group>"; };
		48225EBF1CE0E1B0007F9CA0 /* prime.png */ = {isa = PBXFileReference; lastKnownFileType = image.png; path = prime.png; sourceTree = "<group>"; };
/* End PBXFileReference section */

/* Begin PBXFrameworksBuildPhase section */
		48225E891CE0D681007F9CA0 /* Frameworks */ = {
			isa = PBXFrameworksBuildPhase;
			buildActionMask = 2147483647;
			files = (
			);
			runOnlyForDeploymentPostprocessing = 0;
		};
		48225E9D1CE0D682007F9CA0 /* Frameworks */ = {
			isa = PBXFrameworksBuildPhase;
			buildActionMask = 2147483647;
			files = (
			);
			runOnlyForDeploymentPostprocessing = 0;
		};
		48225EA81CE0D682007F9CA0 /* Frameworks */ = {
			isa = PBXFrameworksBuildPhase;
			buildActionMask = 2147483647;
			files = (
			);
			runOnlyForDeploymentPostprocessing = 0;
		};
/* End PBXFrameworksBuildPhase section */

/* Begin PBXGroup section */
		48225E831CE0D681007F9CA0 = {
			isa = PBXGroup;
			children = (
				48225E8E1CE0D682007F9CA0 /* is my number prime */,
				48225EA31CE0D682007F9CA0 /* is my number primeTests */,
				48225EAE1CE0D682007F9CA0 /* is my number primeUITests */,
				48225E8D1CE0D682007F9CA0 /* Products */,
				48225EBD1CE0D6EB007F9CA0 /* wall.jpg */,
				48225EBF1CE0E1B0007F9CA0 /* prime.png */,
			);
			sourceTree = "<group>";
		};
		48225E8D1CE0D682007F9CA0 /* Products */ = {
			isa = PBXGroup;
			children = (
				48225E8C1CE0D682007F9CA0 /* is my number prime.app */,
				48225EA01CE0D682007F9CA0 /* is my number primeTests.xctest */,
				48225EAB1CE0D682007F9CA0 /* is my number primeUITests.xctest */,
			);
			name = Products;
			sourceTree = "<group>";
		};
		48225E8E1CE0D682007F9CA0 /* is my number prime */ = {
			isa = PBXGroup;
			children = (
				48225E8F1CE0D682007F9CA0 /* AppDelegate.swift */,
				48225E911CE0D682007F9CA0 /* ViewController.swift */,
				48225E931CE0D682007F9CA0 /* Main.storyboard */,
				48225E961CE0D682007F9CA0 /* Assets.xcassets */,
				48225E981CE0D682007F9CA0 /* LaunchScreen.storyboard */,
				48225E9B1CE0D682007F9CA0 /* Info.plist */,
			);
			path = "is my number prime";
			sourceTree = "<group>";
		};
		48225EA31CE0D682007F9CA0 /* is my number primeTests */ = {
			isa = PBXGroup;
			children = (
				48225EA41CE0D682007F9CA0 /* is_my_number_primeTests.swift */,
				48225EA61CE0D682007F9CA0 /* Info.plist */,
			);
			path = "is my number primeTests";
			sourceTree = "<group>";
		};
		48225EAE1CE0D682007F9CA0 /* is my number primeUITests */ = {
			isa = PBXGroup;
			children = (
				48225EAF1CE0D682007F9CA0 /* is_my_number_primeUITests.swift */,
				48225EB11CE0D682007F9CA0 /* Info.plist */,
			);
			path = "is my number primeUITests";
			sourceTree = "<group>";
		};
/* End PBXGroup section */

/* Begin PBXNativeTarget section */
		48225E8B1CE0D681007F9CA0 /* is my number prime */ = {
			isa = PBXNativeTarget;
			buildConfigurationList = 48225EB41CE0D682007F9CA0 /* Build configuration list for PBXNativeTarget "is my number prime" */;
			buildPhases = (
				48225E881CE0D681007F9CA0 /* Sources */,
				48225E891CE0D681007F9CA0 /* Frameworks */,
				48225E8A1CE0D681007F9CA0 /* Resources */,
			);
			buildRules = (
			);
			dependencies = (
			);
			name = "is my number prime";
			productName = "is my number prime";
			productReference = 48225E8C1CE0D682007F9CA0 /* is my number prime.app */;
			productType = "com.apple.product-type.application";
		};
		48225E9F1CE0D682007F9CA0 /* is my number primeTests */ = {
			isa = PBXNativeTarget;
			buildConfigurationList = 48225EB71CE0D682007F9CA0 /* Build configuration list for PBXNativeTarget "is my number primeTests" */;
			buildPhases = (
				48225E9C1CE0D682007F9CA0 /* Sources */,
				48225E9D1CE0D682007F9CA0 /* Frameworks */,
				48225E9E1CE0D682007F9CA0 /* Resources */,
			);
			buildRules = (
			);
			dependencies = (
				48225EA21CE0D682007F9CA0 /* PBXTargetDependency */,
			);
			name = "is my number primeTests";
			productName = "is my number primeTests";
			productReference = 48225EA01CE0D682007F9CA0 /* is my number primeTests.xctest */;
			productType = "com.apple.product-type.bundle.unit-test";
		};
		48225EAA1CE0D682007F9CA0 /* is my number primeUITests */ = {
			isa = PBXNativeTarget;
			buildConfigurationList = 48225EBA1CE0D682007F9CA0 /* Build configuration list for PBXNativeTarget "is my number primeUITests" */;
			buildPhases = (
				48225EA71CE0D682007F9CA0 /* Sources */,
				48225EA81CE0D682007F9CA0 /* Frameworks */,
				48225EA91CE0D682007F9CA0 /* Resources */,
			);
			buildRules = (
			);
			dependencies = (
				48225EAD1CE0D682007F9CA0 /* PBXTargetDependency */,
			);
			name = "is my number primeUITests";
			productName = "is my number primeUITests";
			productReference = 48225EAB1CE0D682007F9CA0 /* is my number primeUITests.xctest */;
			productType = "com.apple.product-type.bundle.ui-testing";
		};
/* End PBXNativeTarget section */

/* Begin PBXProject section */
		48225E841CE0D681007F9CA0 /* Project object */ = {
			isa = PBXProject;
			attributes = {
				LastSwiftUpdateCheck = 0730;
				LastUpgradeCheck = 0730;
				ORGANIZATIONNAME = "Jamie Rose";
				TargetAttributes = {
					48225E8B1CE0D681007F9CA0 = {
						CreatedOnToolsVersion = 7.3.1;
					};
					48225E9F1CE0D682007F9CA0 = {
						CreatedOnToolsVersion = 7.3.1;
						TestTargetID = 48225E8B1CE0D681007F9CA0;
					};
					48225EAA1CE0D682007F9CA0 = {
						CreatedOnToolsVersion = 7.3.1;
						TestTargetID = 48225E8B1CE0D681007F9CA0;
					};
				};
			};
			buildConfigurationList = 48225E871CE0D681007F9CA0 /* Build configuration list for PBXProject "is my number prime" */;
			compatibilityVersion = "Xcode 3.2";
			developmentRegion = English;
			hasScannedForEncodings = 0;
			knownRegions = (
				en,
				Base,
			);
			mainGroup = 48225E831CE0D681007F9CA0;
			productRefGroup = 48225E8D1CE0D682007F9CA0 /* Products */;
			projectDirPath = "";
			projectRoot = "";
			targets = (
				48225E8B1CE0D681007F9CA0 /* is my number prime */,
				48225E9F1CE0D682007F9CA0 /* is my number primeTests */,
				48225EAA1CE0D682007F9CA0 /* is my number primeUITests */,
			);
		};
/* End PBXProject section */

/* Begin PBXResourcesBuildPhase section */
		48225E8A1CE0D681007F9CA0 /* Resources */ = {
			isa = PBXResourcesBuildPhase;
			buildActionMask = 2147483647;
			files = (
				48225E9A1CE0D682007F9CA0 /* LaunchScreen.storyboard in Resources */,
				48225E971CE0D682007F9CA0 /* Assets.xcassets in Resources */,
				48225EC01CE0E1B0007F9CA0 /* prime.png in Resources */,
				48225E951CE0D682007F9CA0 /* Main.storyboard in Resources */,
				48225EBE1CE0D6EB007F9CA0 /* wall.jpg in Resources */,
			);
			runOnlyForDeploymentPostprocessing = 0;
		};
		48225E9E1CE0D682007F9CA0 /* Resources */ = {
			isa = PBXResourcesBuildPhase;
			buildActionMask = 2147483647;
			files = (
			);
			runOnlyForDeploymentPostprocessing = 0;
		};
		48225EA91CE0D682007F9CA0 /* Resources */ = {
			isa = PBXResourcesBuildPhase;
			buildActionMask = 2147483647;
			files = (
			);
			runOnlyForDeploymentPostprocessing = 0;
		};
/* End PBXResourcesBuildPhase section */

/* Begin PBXSourcesBuildPhase section */
		48225E881CE0D681007F9CA0 /* Sources */ = {
			isa = PBXSourcesBuildPhase;
			buildActionMask = 2147483647;
			files = (
				48225E921CE0D682007F9CA0 /* ViewController.swift in Sources */,
				48225E901CE0D682007F9CA0 /* AppDelegate.swift in Sources */,
			);
			runOnlyForDeploymentPostprocessing = 0;
		};
		48225E9C1CE0D682007F9CA0 /* Sources */ = {
			isa = PBXSourcesBuildPhase;
			buildActionMask = 2147483647;
			files = (
				48225EA51CE0D682007F9CA0 /* is_my_number_primeTests.swift in Sources */,
			);
			runOnlyForDeploymentPostprocessing = 0;
		};
		48225EA71CE0D682007F9CA0 /* Sources */ = {
			isa = PBXSourcesBuildPhase;
			buildActionMask = 2147483647;
			files = (
				48225EB01CE0D682007F9CA0 /* is_my_number_primeUITests.swift in Sources */,
			);
			runOnlyForDeploymentPostprocessing = 0;
		};
/* End PBXSourcesBuildPhase section */

/* Begin PBXTargetDependency section */
		48225EA21CE0D682007F9CA0 /* PBXTargetDependency */ = {
			isa = PBXTargetDependency;
			target = 48225E8B1CE0D681007F9CA0 /* is my number prime */;
			targetProxy = 48225EA11CE0D682007F9CA0 /* PBXContainerItemProxy */;
		};
		48225EAD1CE0D682007F9CA0 /* PBXTargetDependency */ = {
			isa = PBXTargetDependency;
			target = 48225E8B1CE0D681007F9CA0 /* is my number prime */;
			targetProxy = 48225EAC1CE0D682007F9CA0 /* PBXContainerItemProxy */;
		};
/* End PBXTargetDependency section */

/* Begin PBXVariantGroup section */
		48225E931CE0D682007F9CA0 /* Main.storyboard */ = {
			isa = PBXVariantGroup;
			children = (
				48225E941CE0D682007F9CA0 /* Base */,
			);
			name = Main.storyboard;
			sourceTree = "<group>";
		};
		48225E981CE0D682007F9CA0 /* LaunchScreen.storyboard */ = {
			isa = PBXVariantGroup;
			children = (
				48225E991CE0D682007F9CA0 /* Base */,
			);
			name = LaunchScreen.storyboard;
			sourceTree = "<group>";
		};
/* End PBXVariantGroup section */

/* Begin XCBuildConfiguration section */
		48225EB21CE0D682007F9CA0 /* Debug */ = {
			isa = XCBuildConfiguration;
			buildSettings = {
				ALWAYS_SEARCH_USER_PATHS = NO;
				CLANG_ANALYZER_NONNULL = YES;
				CLANG_CXX_LANGUAGE_STANDARD = "gnu++0x";
				CLANG_CXX_LIBRARY = "libc++";
				CLANG_ENABLE_MODULES = YES;
				CLANG_ENABLE_OBJC_ARC = YES;
				CLANG_WARN_BOOL_CONVERSION = YES;
				CLANG_WARN_CONSTANT_CONVERSION = YES;
				CLANG_WARN_DIRECT_OBJC_ISA_USAGE = YES_ERROR;
				CLANG_WARN_EMPTY_BODY = YES;
				CLANG_WARN_ENUM_CONVERSION = YES;
				CLANG_WARN_INT_CONVERSION = YES;
				CLANG_WARN_OBJC_ROOT_CLASS = YES_ERROR;
				CLANG_WARN_UNREACHABLE_CODE = YES;
				CLANG_WARN__DUPLICATE_METHOD_MATCH = YES;
				"CODE_SIGN_IDENTITY[sdk=iphoneos*]" = "iPhone Developer";
				COPY_PHASE_STRIP = NO;
				DEBUG_INFORMATION_FORMAT = dwarf;
				ENABLE_STRICT_OBJC_MSGSEND = YES;
				ENABLE_TESTABILITY = YES;
				GCC_C_LANGUAGE_STANDARD = gnu99;
				GCC_DYNAMIC_NO_PIC = NO;
				GCC_NO_COMMON_BLOCKS = YES;
				GCC_OPTIMIZATION_LEVEL = 0;
				GCC_PREPROCESSOR_DEFINITIONS = (
					"DEBUG=1",
					"$(inherited)",
				);
				GCC_WARN_64_TO_32_BIT_CONVERSION = YES;
				GCC_WARN_ABOUT_RETURN_TYPE = YES_ERROR;
				GCC_WARN_UNDECLARED_SELECTOR = YES;
				GCC_WARN_UNINITIALIZED_AUTOS = YES_AGGRESSIVE;
				GCC_WARN_UNUSED_FUNCTION = YES;
				GCC_WARN_UNUSED_VARIABLE = YES;
				IPHONEOS_DEPLOYMENT_TARGET = 9.3;
				MTL_ENABLE_DEBUG_INFO = YES;
				ONLY_ACTIVE_ARCH = YES;
				SDKROOT = iphoneos;
				SWIFT_OPTIMIZATION_LEVEL = "-Onone";
			};
			name = Debug;
		};
		48225EB31CE0D682007F9CA0 /* Release */ = {
			isa = XCBuildConfiguration;
			buildSettings = {
				ALWAYS_SEARCH_USER_PATHS = NO;
				CLANG_ANALYZER_NONNULL = YES;
				CLANG_CXX_LANGUAGE_STANDARD = "gnu++0x";
				CLANG_CXX_LIBRARY = "libc++";
				CLANG_ENABLE_MODULES = YES;
				CLANG_ENABLE_OBJC_ARC = YES;
				CLANG_WARN_BOOL_CONVERSION = YES;
				CLANG_WARN_CONSTANT_CONVERSION = YES;
				CLANG_WARN_DIRECT_OBJC_ISA_USAGE = YES_ERROR;
				CLANG_WARN_EMPTY_BODY = YES;
				CLANG_WARN_ENUM_CONVERSION = YES;
				CLANG_WARN_INT_CONVERSION = YES;
				CLANG_WARN_OBJC_ROOT_CLASS = YES_ERROR;
				CLANG_WARN_UNREACHABLE_CODE = YES;
				CLANG_WARN__DUPLICATE_METHOD_MATCH = YES;
				"CODE_SIGN_IDENTITY[sdk=iphoneos*]" = "iPhone Developer";
				COPY_PHASE_STRIP = NO;
				DEBUG_INFORMATION_FORMAT = "dwarf-with-dsym";
				ENABLE_NS_ASSERTIONS = NO;
				ENABLE_STRICT_OBJC_MSGSEND = YES;
				GCC_C_LANGUAGE_STANDARD = gnu99;
				GCC_NO_COMMON_BLOCKS = YES;
				GCC_WARN_64_TO_32_BIT_CONVERSION = YES;
				GCC_WARN_ABOUT_RETURN_TYPE = YES_ERROR;
				GCC_WARN_UNDECLARED_SELECTOR = YES;
				GCC_WARN_UNINITIALIZED_AUTOS = YES_AGGRESSIVE;
				GCC_WARN_UNUSED_FUNCTION = YES;
				GCC_WARN_UNUSED_VARIABLE = YES;
				IPHONEOS_DEPLOYMENT_TARGET = 9.3;
				MTL_ENABLE_DEBUG_INFO = NO;
				SDKROOT = iphoneos;
				VALIDATE_PRODUCT = YES;
			};
			name = Release;
		};
		48225EB51CE0D682007F9CA0 /* Debug */ = {
			isa = XCBuildConfiguration;
			buildSettings = {
				ASSETCATALOG_COMPILER_APPICON_NAME = AppIcon;
				INFOPLIST_FILE = "is my number prime/Info.plist";
				LD_RUNPATH_SEARCH_PATHS = "$(inherited) @executable_path/Frameworks";
				PRODUCT_BUNDLE_IDENTIFIER = "jamie-rose.is-my-number-prime";
				PRODUCT_NAME = "$(TARGET_NAME)";
			};
			name = Debug;
		};
		48225EB61CE0D682007F9CA0 /* Release */ = {
			isa = XCBuildConfiguration;
			buildSettings = {
				ASSETCATALOG_COMPILER_APPICON_NAME = AppIcon;
				INFOPLIST_FILE = "is my number prime/Info.plist";
				LD_RUNPATH_SEARCH_PATHS = "$(inherited) @executable_path/Frameworks";
				PRODUCT_BUNDLE_IDENTIFIER = "jamie-rose.is-my-number-prime";
				PRODUCT_NAME = "$(TARGET_NAME)";
			};
			name = Release;
		};
		48225EB81CE0D682007F9CA0 /* Debug */ = {
			isa = XCBuildConfiguration;
			buildSettings = {
				BUNDLE_LOADER = "$(TEST_HOST)";
				INFOPLIST_FILE = "is my number primeTests/Info.plist";
				LD_RUNPATH_SEARCH_PATHS = "$(inherited) @executable_path/Frameworks @loader_path/Frameworks";
				PRODUCT_BUNDLE_IDENTIFIER = "jamie-rose.is-my-number-primeTests";
				PRODUCT_NAME = "$(TARGET_NAME)";
				TEST_HOST = "$(BUILT_PRODUCTS_DIR)/is my number prime.app/is my number prime";
			};
			name = Debug;
		};
		48225EB91CE0D682007F9CA0 /* Release */ = {
			isa = XCBuildConfiguration;
			buildSettings = {
				BUNDLE_LOADER = "$(TEST_HOST)";
				INFOPLIST_FILE = "is my number primeTests/Info.plist";
				LD_RUNPATH_SEARCH_PATHS = "$(inherited) @executable_path/Frameworks @loader_path/Frameworks";
				PRODUCT_BUNDLE_IDENTIFIER = "jamie-rose.is-my-number-primeTests";
				PRODUCT_NAME = "$(TARGET_NAME)";
				TEST_HOST = "$(BUILT_PRODUCTS_DIR)/is my number prime.app/is my number prime";
			};
			name = Release;
		};
		48225EBB1CE0D682007F9CA0 /* Debug */ = {
			isa = XCBuildConfiguration;
			buildSettings = {
				INFOPLIST_FILE = "is my number primeUITests/Info.plist";
				LD_RUNPATH_SEARCH_PATHS = "$(inherited) @executable_path/Frameworks @loader_path/Frameworks";
				PRODUCT_BUNDLE_IDENTIFIER = "jamie-rose.is-my-number-primeUITests";
				PRODUCT_NAME = "$(TARGET_NAME)";
				TEST_TARGET_NAME = "is my number prime";
			};
			name = Debug;
		};
		48225EBC1CE0D682007F9CA0 /* Release */ = {
			isa = XCBuildConfiguration;
			buildSettings = {
				INFOPLIST_FILE = "is my number primeUITests/Info.plist";
				LD_RUNPATH_SEARCH_PATHS = "$(inherited) @executable_path/Frameworks @loader_path/Frameworks";
				PRODUCT_BUNDLE_IDENTIFIER = "jamie-rose.is-my-number-primeUITests";
				PRODUCT_NAME = "$(TARGET_NAME)";
				TEST_TARGET_NAME = "is my number prime";
			};
			name = Release;
		};
/* End XCBuildConfiguration section */

/* Begin XCConfigurationList section */
		48225E871CE0D681007F9CA0 /* Build configuration list for PBXProject "is my number prime" */ = {
			isa = XCConfigurationList;
			buildConfigurations = (
				48225EB21CE0D682007F9CA0 /* Debug */,
				48225EB31CE0D682007F9CA0 /* Release */,
			);
			defaultConfigurationIsVisible = 0;
			defaultConfigurationName = Release;
		};
		48225EB41CE0D682007F9CA0 /* Build configuration list for PBXNativeTarget "is my number prime" */ = {
			isa = XCConfigurationList;
			buildConfigurations = (
				48225EB51CE0D682007F9CA0 /* Debug */,
				48225EB61CE0D682007F9CA0 /* Release */,
			);
			defaultConfigurationIsVisible = 0;
		};
		48225EB71CE0D682007F9CA0 /* Build configuration list for PBXNativeTarget "is my number primeTests" */ = {
			isa = XCConfigurationList;
			buildConfigurations = (
				48225EB81CE0D682007F9CA0 /* Debug */,
				48225EB91CE0D682007F9CA0 /* Release */,
			);
			defaultConfigurationIsVisible = 0;
		};
		48225EBA1CE0D682007F9CA0 /* Build configuration list for PBXNativeTarget "is my number primeUITests" */ = {
			isa = XCConfigurationList;
			buildConfigurations = (
				48225EBB1CE0D682007F9CA0 /* Debug */,
				48225EBC1CE0D682007F9CA0 /* Release */,
			);
			defaultConfigurationIsVisible = 0;
		};
/* End XCConfigurationList section */
	};
	rootObject = 48225E841CE0D681007F9CA0 /* Project object */;
}
